
Microsoft Visual Studio Solution File, Format Version 12.00
# Visual Studio Version 17
VisualStudioVersion = 17.0.32014.148
MinimumVisualStudioVersion = 15.0.26124.0
Project("{2150E333-8FDC-42A3-9474-1A3956D46DE8}") = "src", "src", "{953BEEE9-E657-4E0D-A987-3543ECC32CD3}"
EndProject
Project("{2150E333-8FDC-42A3-9474-1A3956D46DE8}") = "Solution Items", "Solution Items", "{B37459A9-4614-4591-BAA4-DEC331AB3A8A}"
	ProjectSection(SolutionItems) = preProject
		.gitignore = .gitignore
	EndProjectSection
EndProject
Project("{2150E333-8FDC-42A3-9474-1A3956D46DE8}") = "tests", "tests", "{E3660B5D-6CBE-4BF4-8C64-6AB44F2E2FD5}"
EndProject
Project("{9A19103F-16F7-4668-BE54-9A1E7A4F7556}") = "Coop.UnitTests", "tests\Coop.UnitTests\Coop.UnitTests.csproj", "{71E12FC8-60BA-40CD-A88C-E5C2BE02B506}"
EndProject
Project("{9A19103F-16F7-4668-BE54-9A1E7A4F7556}") = "Coop.IntegrationTests", "tests\Coop.IntegrationTests\Coop.IntegrationTests.csproj", "{52AA376E-F914-47C3-98EE-102791846855}"
EndProject
Project("{9A19103F-16F7-4668-BE54-9A1E7A4F7556}") = "Coop.Testing", "tests\Coop.Testing\Coop.Testing.csproj", "{A3DF2849-50B0-42D9-8552-19CC58B8D76B}"
EndProject
Project("{9A19103F-16F7-4668-BE54-9A1E7A4F7556}") = "Coop.Infrastructure", "src\Coop.Infrastructure\Coop.Infrastructure.csproj", "{8FBC6AC5-DA8F-467A-86D2-F15C27ED2E70}"
EndProject
Project("{9A19103F-16F7-4668-BE54-9A1E7A4F7556}") = "Coop.Cli", "src\Coop.Cli\Coop.Cli.csproj", "{BAEDA9A8-E2A6-4EEA-87E1-3E63D18FC5E2}"
EndProject
Project("{9A19103F-16F7-4668-BE54-9A1E7A4F7556}") = "Coop.Domain", "src\Coop.Domain\Coop.Domain.csproj", "{F18717E1-F458-4A3F-AAA9-8080B664BE93}"
EndProject
Project("{9A19103F-16F7-4668-BE54-9A1E7A4F7556}") = "Coop.Api", "src\Coop.Api\Coop.Api.csproj", "{3A530280-CBDA-4CA7-B1E2-3789360721C3}"
EndProject
Project("{9A19103F-16F7-4668-BE54-9A1E7A4F7556}") = "Coop.Application", "src\Coop.Application\Coop.Application.csproj", "{6E0271BC-8CDA-4A61-BE9F-C057D8295B3D}"
EndProject
Project("{9A19103F-16F7-4668-BE54-9A1E7A4F7556}") = "Coop.SharedKernel", "src\Coop.SharedKernel\Coop.SharedKernel.csproj", "{A1B2C3D4-E5F6-7890-ABCD-EF1234567890}"
EndProject
Project("{9A19103F-16F7-4668-BE54-9A1E7A4F7556}") = "Identity.Domain", "src\Services\Identity\Identity.Domain\Identity.Domain.csproj", "{B2C3D4E5-F6A7-8901-BCDE-F12345678901}"
EndProject
Project("{9A19103F-16F7-4668-BE54-9A1E7A4F7556}") = "Identity.Infrastructure", "src\Services\Identity\Identity.Infrastructure\Identity.Infrastructure.csproj", "{C3D4E5F6-A7B8-9012-CDEF-123456789012}"
EndProject
Project("{9A19103F-16F7-4668-BE54-9A1E7A4F7556}") = "Identity.Api", "src\Services\Identity\Identity.Api\Identity.Api.csproj", "{D4E5F6A7-B8C9-0123-DEF0-234567890123}"
EndProject
Project("{9A19103F-16F7-4668-BE54-9A1E7A4F7556}") = "Profile.Domain", "src\Services\Profile\Profile.Domain\Profile.Domain.csproj", "{E5F6A7B8-C9D0-1234-EF01-345678901234}"
EndProject
Project("{9A19103F-16F7-4668-BE54-9A1E7A4F7556}") = "Profile.Infrastructure", "src\Services\Profile\Profile.Infrastructure\Profile.Infrastructure.csproj", "{F6A7B8C9-D0E1-2345-F012-456789012345}"
EndProject
Project("{9A19103F-16F7-4668-BE54-9A1E7A4F7556}") = "Profile.Api", "src\Services\Profile\Profile.Api\Profile.Api.csproj", "{A7B8C9D0-E1F2-3456-0123-567890123456}"
EndProject
Project("{9A19103F-16F7-4668-BE54-9A1E7A4F7556}") = "Document.Domain", "src\Services\Document\Document.Domain\Document.Domain.csproj", "{B8C9D0E1-F2A3-4567-1234-678901234567}"
EndProject
Project("{9A19103F-16F7-4668-BE54-9A1E7A4F7556}") = "Document.Infrastructure", "src\Services\Document\Document.Infrastructure\Document.Infrastructure.csproj", "{C9D0E1F2-A3B4-5678-2345-789012345678}"
EndProject
Project("{9A19103F-16F7-4668-BE54-9A1E7A4F7556}") = "Document.Api", "src\Services\Document\Document.Api\Document.Api.csproj", "{D0E1F2A3-B4C5-6789-3456-890123456789}"
EndProject
Project("{9A19103F-16F7-4668-BE54-9A1E7A4F7556}") = "Maintenance.Domain", "src\Services\Maintenance\Maintenance.Domain\Maintenance.Domain.csproj", "{E1F2A3B4-C5D6-7890-4567-901234567890}"
EndProject
Project("{9A19103F-16F7-4668-BE54-9A1E7A4F7556}") = "Maintenance.Infrastructure", "src\Services\Maintenance\Maintenance.Infrastructure\Maintenance.Infrastructure.csproj", "{F2A3B4C5-D6E7-8901-5678-012345678901}"
EndProject
Project("{9A19103F-16F7-4668-BE54-9A1E7A4F7556}") = "Maintenance.Api", "src\Services\Maintenance\Maintenance.Api\Maintenance.Api.csproj", "{A3B4C5D6-E7F8-9012-6789-123456789012}"
EndProject
Project("{9A19103F-16F7-4668-BE54-9A1E7A4F7556}") = "Messaging.Domain", "src\Services\Messaging\Messaging.Domain\Messaging.Domain.csproj", "{B4C5D6E7-F8A9-0123-7890-234567890123}"
EndProject
Project("{9A19103F-16F7-4668-BE54-9A1E7A4F7556}") = "Messaging.Infrastructure", "src\Services\Messaging\Messaging.Infrastructure\Messaging.Infrastructure.csproj", "{C5D6E7F8-A9B0-1234-8901-345678901234}"
EndProject
Project("{9A19103F-16F7-4668-BE54-9A1E7A4F7556}") = "Messaging.Api", "src\Services\Messaging\Messaging.Api\Messaging.Api.csproj", "{D6E7F8A9-B0C1-2345-9012-456789012345}"
EndProject
Project("{9A19103F-16F7-4668-BE54-9A1E7A4F7556}") = "Asset.Domain", "src\Services\Asset\Asset.Domain\Asset.Domain.csproj", "{E7F8A9B0-C1D2-3456-0123-567890123456}"
EndProject
Project("{9A19103F-16F7-4668-BE54-9A1E7A4F7556}") = "Asset.Infrastructure", "src\Services\Asset\Asset.Infrastructure\Asset.Infrastructure.csproj", "{F8A9B0C1-D2E3-4567-1234-678901234567}"
EndProject
Project("{9A19103F-16F7-4668-BE54-9A1E7A4F7556}") = "Asset.Api", "src\Services\Asset\Asset.Api\Asset.Api.csproj", "{A9B0C1D2-E3F4-5678-2345-789012345678}"
EndProject
Project("{9A19103F-16F7-4668-BE54-9A1E7A4F7556}") = "Gateway.Api", "src\Gateway\Gateway.Api\Gateway.Api.csproj", "{B0C1D2E3-F4A5-6789-3456-890123456789}"
EndProject
Global
	GlobalSection(SolutionConfigurationPlatforms) = preSolution
		Debug|Any CPU = Debug|Any CPU
		Release|Any CPU = Release|Any CPU
	EndGlobalSection
	GlobalSection(ProjectConfigurationPlatforms) = postSolution
		{71E12FC8-60BA-40CD-A88C-E5C2BE02B506}.Debug|Any CPU.ActiveCfg = Debug|Any CPU
		{71E12FC8-60BA-40CD-A88C-E5C2BE02B506}.Debug|Any CPU.Build.0 = Debug|Any CPU
		{71E12FC8-60BA-40CD-A88C-E5C2BE02B506}.Release|Any CPU.ActiveCfg = Release|Any CPU
		{71E12FC8-60BA-40CD-A88C-E5C2BE02B506}.Release|Any CPU.Build.0 = Release|Any CPU
		{52AA376E-F914-47C3-98EE-102791846855}.Debug|Any CPU.ActiveCfg = Debug|Any CPU
		{52AA376E-F914-47C3-98EE-102791846855}.Debug|Any CPU.Build.0 = Debug|Any CPU
		{52AA376E-F914-47C3-98EE-102791846855}.Release|Any CPU.ActiveCfg = Release|Any CPU
		{52AA376E-F914-47C3-98EE-102791846855}.Release|Any CPU.Build.0 = Release|Any CPU
		{A3DF2849-50B0-42D9-8552-19CC58B8D76B}.Debug|Any CPU.ActiveCfg = Debug|Any CPU
		{A3DF2849-50B0-42D9-8552-19CC58B8D76B}.Debug|Any CPU.Build.0 = Debug|Any CPU
		{A3DF2849-50B0-42D9-8552-19CC58B8D76B}.Release|Any CPU.ActiveCfg = Release|Any CPU
		{A3DF2849-50B0-42D9-8552-19CC58B8D76B}.Release|Any CPU.Build.0 = Release|Any CPU
		{8FBC6AC5-DA8F-467A-86D2-F15C27ED2E70}.Debug|Any CPU.ActiveCfg = Debug|Any CPU
		{8FBC6AC5-DA8F-467A-86D2-F15C27ED2E70}.Debug|Any CPU.Build.0 = Debug|Any CPU
		{8FBC6AC5-DA8F-467A-86D2-F15C27ED2E70}.Release|Any CPU.ActiveCfg = Release|Any CPU
		{8FBC6AC5-DA8F-467A-86D2-F15C27ED2E70}.Release|Any CPU.Build.0 = Release|Any CPU
		{BAEDA9A8-E2A6-4EEA-87E1-3E63D18FC5E2}.Debug|Any CPU.ActiveCfg = Debug|Any CPU
		{BAEDA9A8-E2A6-4EEA-87E1-3E63D18FC5E2}.Debug|Any CPU.Build.0 = Debug|Any CPU
		{BAEDA9A8-E2A6-4EEA-87E1-3E63D18FC5E2}.Release|Any CPU.ActiveCfg = Release|Any CPU
		{BAEDA9A8-E2A6-4EEA-87E1-3E63D18FC5E2}.Release|Any CPU.Build.0 = Release|Any CPU
		{F18717E1-F458-4A3F-AAA9-8080B664BE93}.Debug|Any CPU.ActiveCfg = Debug|Any CPU
		{F18717E1-F458-4A3F-AAA9-8080B664BE93}.Debug|Any CPU.Build.0 = Debug|Any CPU
		{F18717E1-F458-4A3F-AAA9-8080B664BE93}.Release|Any CPU.ActiveCfg = Release|Any CPU
		{F18717E1-F458-4A3F-AAA9-8080B664BE93}.Release|Any CPU.Build.0 = Release|Any CPU
		{3A530280-CBDA-4CA7-B1E2-3789360721C3}.Debug|Any CPU.ActiveCfg = Debug|Any CPU
		{3A530280-CBDA-4CA7-B1E2-3789360721C3}.Debug|Any CPU.Build.0 = Debug|Any CPU
		{3A530280-CBDA-4CA7-B1E2-3789360721C3}.Release|Any CPU.ActiveCfg = Release|Any CPU
		{3A530280-CBDA-4CA7-B1E2-3789360721C3}.Release|Any CPU.Build.0 = Release|Any CPU
		{6E0271BC-8CDA-4A61-BE9F-C057D8295B3D}.Debug|Any CPU.ActiveCfg = Debug|Any CPU
		{6E0271BC-8CDA-4A61-BE9F-C057D8295B3D}.Debug|Any CPU.Build.0 = Debug|Any CPU
		{6E0271BC-8CDA-4A61-BE9F-C057D8295B3D}.Release|Any CPU.ActiveCfg = Release|Any CPU
		{6E0271BC-8CDA-4A61-BE9F-C057D8295B3D}.Release|Any CPU.Build.0 = Release|Any CPU
		{A1B2C3D4-E5F6-7890-ABCD-EF1234567890}.Debug|Any CPU.ActiveCfg = Debug|Any CPU
		{A1B2C3D4-E5F6-7890-ABCD-EF1234567890}.Debug|Any CPU.Build.0 = Debug|Any CPU
		{A1B2C3D4-E5F6-7890-ABCD-EF1234567890}.Release|Any CPU.ActiveCfg = Release|Any CPU
		{A1B2C3D4-E5F6-7890-ABCD-EF1234567890}.Release|Any CPU.Build.0 = Release|Any CPU
		{B2C3D4E5-F6A7-8901-BCDE-F12345678901}.Debug|Any CPU.ActiveCfg = Debug|Any CPU
		{B2C3D4E5-F6A7-8901-BCDE-F12345678901}.Debug|Any CPU.Build.0 = Debug|Any CPU
		{B2C3D4E5-F6A7-8901-BCDE-F12345678901}.Release|Any CPU.ActiveCfg = Release|Any CPU
		{B2C3D4E5-F6A7-8901-BCDE-F12345678901}.Release|Any CPU.Build.0 = Release|Any CPU
		{C3D4E5F6-A7B8-9012-CDEF-123456789012}.Debug|Any CPU.ActiveCfg = Debug|Any CPU
		{C3D4E5F6-A7B8-9012-CDEF-123456789012}.Debug|Any CPU.Build.0 = Debug|Any CPU
		{C3D4E5F6-A7B8-9012-CDEF-123456789012}.Release|Any CPU.ActiveCfg = Release|Any CPU
		{C3D4E5F6-A7B8-9012-CDEF-123456789012}.Release|Any CPU.Build.0 = Release|Any CPU
		{D4E5F6A7-B8C9-0123-DEF0-234567890123}.Debug|Any CPU.ActiveCfg = Debug|Any CPU
		{D4E5F6A7-B8C9-0123-DEF0-234567890123}.Debug|Any CPU.Build.0 = Debug|Any CPU
		{D4E5F6A7-B8C9-0123-DEF0-234567890123}.Release|Any CPU.ActiveCfg = Release|Any CPU
		{D4E5F6A7-B8C9-0123-DEF0-234567890123}.Release|Any CPU.Build.0 = Release|Any CPU
		{E5F6A7B8-C9D0-1234-EF01-345678901234}.Debug|Any CPU.ActiveCfg = Debug|Any CPU
		{E5F6A7B8-C9D0-1234-EF01-345678901234}.Debug|Any CPU.Build.0 = Debug|Any CPU
		{E5F6A7B8-C9D0-1234-EF01-345678901234}.Release|Any CPU.ActiveCfg = Release|Any CPU
		{E5F6A7B8-C9D0-1234-EF01-345678901234}.Release|Any CPU.Build.0 = Release|Any CPU
		{F6A7B8C9-D0E1-2345-F012-456789012345}.Debug|Any CPU.ActiveCfg = Debug|Any CPU
		{F6A7B8C9-D0E1-2345-F012-456789012345}.Debug|Any CPU.Build.0 = Debug|Any CPU
		{F6A7B8C9-D0E1-2345-F012-456789012345}.Release|Any CPU.ActiveCfg = Release|Any CPU
		{F6A7B8C9-D0E1-2345-F012-456789012345}.Release|Any CPU.Build.0 = Release|Any CPU
		{A7B8C9D0-E1F2-3456-0123-567890123456}.Debug|Any CPU.ActiveCfg = Debug|Any CPU
		{A7B8C9D0-E1F2-3456-0123-567890123456}.Debug|Any CPU.Build.0 = Debug|Any CPU
		{A7B8C9D0-E1F2-3456-0123-567890123456}.Release|Any CPU.ActiveCfg = Release|Any CPU
		{A7B8C9D0-E1F2-3456-0123-567890123456}.Release|Any CPU.Build.0 = Release|Any CPU
		{B8C9D0E1-F2A3-4567-1234-678901234567}.Debug|Any CPU.ActiveCfg = Debug|Any CPU
		{B8C9D0E1-F2A3-4567-1234-678901234567}.Debug|Any CPU.Build.0 = Debug|Any CPU
		{B8C9D0E1-F2A3-4567-1234-678901234567}.Release|Any CPU.ActiveCfg = Release|Any CPU
		{B8C9D0E1-F2A3-4567-1234-678901234567}.Release|Any CPU.Build.0 = Release|Any CPU
		{C9D0E1F2-A3B4-5678-2345-789012345678}.Debug|Any CPU.ActiveCfg = Debug|Any CPU
		{C9D0E1F2-A3B4-5678-2345-789012345678}.Debug|Any CPU.Build.0 = Debug|Any CPU
		{C9D0E1F2-A3B4-5678-2345-789012345678}.Release|Any CPU.ActiveCfg = Release|Any CPU
		{C9D0E1F2-A3B4-5678-2345-789012345678}.Release|Any CPU.Build.0 = Release|Any CPU
		{D0E1F2A3-B4C5-6789-3456-890123456789}.Debug|Any CPU.ActiveCfg = Debug|Any CPU
		{D0E1F2A3-B4C5-6789-3456-890123456789}.Debug|Any CPU.Build.0 = Debug|Any CPU
		{D0E1F2A3-B4C5-6789-3456-890123456789}.Release|Any CPU.ActiveCfg = Release|Any CPU
		{D0E1F2A3-B4C5-6789-3456-890123456789}.Release|Any CPU.Build.0 = Release|Any CPU
		{E1F2A3B4-C5D6-7890-4567-901234567890}.Debug|Any CPU.ActiveCfg = Debug|Any CPU
		{E1F2A3B4-C5D6-7890-4567-901234567890}.Debug|Any CPU.Build.0 = Debug|Any CPU
		{E1F2A3B4-C5D6-7890-4567-901234567890}.Release|Any CPU.ActiveCfg = Release|Any CPU
		{E1F2A3B4-C5D6-7890-4567-901234567890}.Release|Any CPU.Build.0 = Release|Any CPU
		{F2A3B4C5-D6E7-8901-5678-012345678901}.Debug|Any CPU.ActiveCfg = Debug|Any CPU
		{F2A3B4C5-D6E7-8901-5678-012345678901}.Debug|Any CPU.Build.0 = Debug|Any CPU
		{F2A3B4C5-D6E7-8901-5678-012345678901}.Release|Any CPU.ActiveCfg = Release|Any CPU
		{F2A3B4C5-D6E7-8901-5678-012345678901}.Release|Any CPU.Build.0 = Release|Any CPU
		{A3B4C5D6-E7F8-9012-6789-123456789012}.Debug|Any CPU.ActiveCfg = Debug|Any CPU
		{A3B4C5D6-E7F8-9012-6789-123456789012}.Debug|Any CPU.Build.0 = Debug|Any CPU
		{A3B4C5D6-E7F8-9012-6789-123456789012}.Release|Any CPU.ActiveCfg = Release|Any CPU
		{A3B4C5D6-E7F8-9012-6789-123456789012}.Release|Any CPU.Build.0 = Release|Any CPU
		{B4C5D6E7-F8A9-0123-7890-234567890123}.Debug|Any CPU.ActiveCfg = Debug|Any CPU
		{B4C5D6E7-F8A9-0123-7890-234567890123}.Debug|Any CPU.Build.0 = Debug|Any CPU
		{B4C5D6E7-F8A9-0123-7890-234567890123}.Release|Any CPU.ActiveCfg = Release|Any CPU
		{B4C5D6E7-F8A9-0123-7890-234567890123}.Release|Any CPU.Build.0 = Release|Any CPU
		{C5D6E7F8-A9B0-1234-8901-345678901234}.Debug|Any CPU.ActiveCfg = Debug|Any CPU
		{C5D6E7F8-A9B0-1234-8901-345678901234}.Debug|Any CPU.Build.0 = Debug|Any CPU
		{C5D6E7F8-A9B0-1234-8901-345678901234}.Release|Any CPU.ActiveCfg = Release|Any CPU
		{C5D6E7F8-A9B0-1234-8901-345678901234}.Release|Any CPU.Build.0 = Release|Any CPU
		{D6E7F8A9-B0C1-2345-9012-456789012345}.Debug|Any CPU.ActiveCfg = Debug|Any CPU
		{D6E7F8A9-B0C1-2345-9012-456789012345}.Debug|Any CPU.Build.0 = Debug|Any CPU
		{D6E7F8A9-B0C1-2345-9012-456789012345}.Release|Any CPU.ActiveCfg = Release|Any CPU
		{D6E7F8A9-B0C1-2345-9012-456789012345}.Release|Any CPU.Build.0 = Release|Any CPU
		{E7F8A9B0-C1D2-3456-0123-567890123456}.Debug|Any CPU.ActiveCfg = Debug|Any CPU
		{E7F8A9B0-C1D2-3456-0123-567890123456}.Debug|Any CPU.Build.0 = Debug|Any CPU
		{E7F8A9B0-C1D2-3456-0123-567890123456}.Release|Any CPU.ActiveCfg = Release|Any CPU
		{E7F8A9B0-C1D2-3456-0123-567890123456}.Release|Any CPU.Build.0 = Release|Any CPU
		{F8A9B0C1-D2E3-4567-1234-678901234567}.Debug|Any CPU.ActiveCfg = Debug|Any CPU
		{F8A9B0C1-D2E3-4567-1234-678901234567}.Debug|Any CPU.Build.0 = Debug|Any CPU
		{F8A9B0C1-D2E3-4567-1234-678901234567}.Release|Any CPU.ActiveCfg = Release|Any CPU
		{F8A9B0C1-D2E3-4567-1234-678901234567}.Release|Any CPU.Build.0 = Release|Any CPU
		{A9B0C1D2-E3F4-5678-2345-789012345678}.Debug|Any CPU.ActiveCfg = Debug|Any CPU
		{A9B0C1D2-E3F4-5678-2345-789012345678}.Debug|Any CPU.Build.0 = Debug|Any CPU
		{A9B0C1D2-E3F4-5678-2345-789012345678}.Release|Any CPU.ActiveCfg = Release|Any CPU
		{A9B0C1D2-E3F4-5678-2345-789012345678}.Release|Any CPU.Build.0 = Release|Any CPU
		{B0C1D2E3-F4A5-6789-3456-890123456789}.Debug|Any CPU.ActiveCfg = Debug|Any CPU
		{B0C1D2E3-F4A5-6789-3456-890123456789}.Debug|Any CPU.Build.0 = Debug|Any CPU
		{B0C1D2E3-F4A5-6789-3456-890123456789}.Release|Any CPU.ActiveCfg = Release|Any CPU
		{B0C1D2E3-F4A5-6789-3456-890123456789}.Release|Any CPU.Build.0 = Release|Any CPU
	EndGlobalSection
	GlobalSection(SolutionProperties) = preSolution
		HideSolutionNode = FALSE
	EndGlobalSection
	GlobalSection(NestedProjects) = preSolution
		{71E12FC8-60BA-40CD-A88C-E5C2BE02B506} = {E3660B5D-6CBE-4BF4-8C64-6AB44F2E2FD5}
		{52AA376E-F914-47C3-98EE-102791846855} = {E3660B5D-6CBE-4BF4-8C64-6AB44F2E2FD5}
		{A3DF2849-50B0-42D9-8552-19CC58B8D76B} = {E3660B5D-6CBE-4BF4-8C64-6AB44F2E2FD5}
		{8FBC6AC5-DA8F-467A-86D2-F15C27ED2E70} = {953BEEE9-E657-4E0D-A987-3543ECC32CD3}
		{BAEDA9A8-E2A6-4EEA-87E1-3E63D18FC5E2} = {953BEEE9-E657-4E0D-A987-3543ECC32CD3}
		{F18717E1-F458-4A3F-AAA9-8080B664BE93} = {953BEEE9-E657-4E0D-A987-3543ECC32CD3}
		{3A530280-CBDA-4CA7-B1E2-3789360721C3} = {953BEEE9-E657-4E0D-A987-3543ECC32CD3}
		{6E0271BC-8CDA-4A61-BE9F-C057D8295B3D} = {953BEEE9-E657-4E0D-A987-3543ECC32CD3}
		{A1B2C3D4-E5F6-7890-ABCD-EF1234567890} = {953BEEE9-E657-4E0D-A987-3543ECC32CD3}
		{B2C3D4E5-F6A7-8901-BCDE-F12345678901} = {953BEEE9-E657-4E0D-A987-3543ECC32CD3}
		{C3D4E5F6-A7B8-9012-CDEF-123456789012} = {953BEEE9-E657-4E0D-A987-3543ECC32CD3}
		{D4E5F6A7-B8C9-0123-DEF0-234567890123} = {953BEEE9-E657-4E0D-A987-3543ECC32CD3}
		{E5F6A7B8-C9D0-1234-EF01-345678901234} = {953BEEE9-E657-4E0D-A987-3543ECC32CD3}
		{F6A7B8C9-D0E1-2345-F012-456789012345} = {953BEEE9-E657-4E0D-A987-3543ECC32CD3}
		{A7B8C9D0-E1F2-3456-0123-567890123456} = {953BEEE9-E657-4E0D-A987-3543ECC32CD3}
		{B8C9D0E1-F2A3-4567-1234-678901234567} = {953BEEE9-E657-4E0D-A987-3543ECC32CD3}
		{C9D0E1F2-A3B4-5678-2345-789012345678} = {953BEEE9-E657-4E0D-A987-3543ECC32CD3}
		{D0E1F2A3-B4C5-6789-3456-890123456789} = {953BEEE9-E657-4E0D-A987-3543ECC32CD3}
		{E1F2A3B4-C5D6-7890-4567-901234567890} = {953BEEE9-E657-4E0D-A987-3543ECC32CD3}
		{F2A3B4C5-D6E7-8901-5678-012345678901} = {953BEEE9-E657-4E0D-A987-3543ECC32CD3}
		{A3B4C5D6-E7F8-9012-6789-123456789012} = {953BEEE9-E657-4E0D-A987-3543ECC32CD3}
		{B4C5D6E7-F8A9-0123-7890-234567890123} = {953BEEE9-E657-4E0D-A987-3543ECC32CD3}
		{C5D6E7F8-A9B0-1234-8901-345678901234} = {953BEEE9-E657-4E0D-A987-3543ECC32CD3}
		{D6E7F8A9-B0C1-2345-9012-456789012345} = {953BEEE9-E657-4E0D-A987-3543ECC32CD3}
		{E7F8A9B0-C1D2-3456-0123-567890123456} = {953BEEE9-E657-4E0D-A987-3543ECC32CD3}
		{F8A9B0C1-D2E3-4567-1234-678901234567} = {953BEEE9-E657-4E0D-A987-3543ECC32CD3}
		{A9B0C1D2-E3F4-5678-2345-789012345678} = {953BEEE9-E657-4E0D-A987-3543ECC32CD3}
		{B0C1D2E3-F4A5-6789-3456-890123456789} = {953BEEE9-E657-4E0D-A987-3543ECC32CD3}
	EndGlobalSection
	GlobalSection(ExtensibilityGlobals) = postSolution
		SolutionGuid = {725F303B-3EF8-4AA2-904D-D352DD14B6FB}
	EndGlobalSection
EndGlobal
