
Microsoft Visual Studio Solution File, Format Version 12.00
# Visual Studio Version 16
VisualStudioVersion = 16.0.30711.63
MinimumVisualStudioVersion = 15.0.26124.0
Project("{2150E333-8FDC-42A3-9474-1A3956D46DE8}") = "src", "src", "{953BEEE9-E657-4E0D-A987-3543ECC32CD3}"
EndProject
Project("{9A19103F-16F7-4668-BE54-9A1E7A4F7556}") = "Coop.Api", "src\Coop.Api\Coop.Api.csproj", "{CB047895-F4D2-426A-AF3F-95AE78237D94}"
EndProject
Project("{2150E333-8FDC-42A3-9474-1A3956D46DE8}") = "Solution Items", "Solution Items", "{B37459A9-4614-4591-BAA4-DEC331AB3A8A}"
	ProjectSection(SolutionItems) = preProject
		clisettings.json = clisettings.json
	EndProjectSection
EndProject
Project("{9A19103F-16F7-4668-BE54-9A1E7A4F7556}") = "Coop.Core", "src\Coop.Core\Coop.Core.csproj", "{35EDB51F-1D98-4202-AC2F-E3EF5C73C353}"
EndProject
Project("{2150E333-8FDC-42A3-9474-1A3956D46DE8}") = "test", "test", "{E3660B5D-6CBE-4BF4-8C64-6AB44F2E2FD5}"
EndProject
Project("{9A19103F-16F7-4668-BE54-9A1E7A4F7556}") = "Coop.UnitTests", "test\Coop.UnitTests\Coop.UnitTests.csproj", "{71E12FC8-60BA-40CD-A88C-E5C2BE02B506}"
EndProject
Project("{9A19103F-16F7-4668-BE54-9A1E7A4F7556}") = "Coop.IntegrationTests", "test\Coop.IntegrationTests\Coop.IntegrationTests.csproj", "{52AA376E-F914-47C3-98EE-102791846855}"
EndProject
Project("{9A19103F-16F7-4668-BE54-9A1E7A4F7556}") = "Coop.Testing", "test\Coop.Testing\Coop.Testing.csproj", "{A3DF2849-50B0-42D9-8552-19CC58B8D76B}"
EndProject
Project("{9A19103F-16F7-4668-BE54-9A1E7A4F7556}") = "Coop.Infrastructure", "src\Coop.Infrastructure\Coop.Infrastructure.csproj", "{8FBC6AC5-DA8F-467A-86D2-F15C27ED2E70}"
EndProject
Project("{FAE04EC0-301F-11D3-BF4B-00C04F79EFBC}") = "Coop.Cli", "src\Coop.Cli\Coop.Cli.csproj", "{BAEDA9A8-E2A6-4EEA-87E1-3E63D18FC5E2}"
EndProject
Global
	GlobalSection(SolutionConfigurationPlatforms) = preSolution
		Debug|Any CPU = Debug|Any CPU
		Debug|x64 = Debug|x64
		Debug|x86 = Debug|x86
		Release|Any CPU = Release|Any CPU
		Release|x64 = Release|x64
		Release|x86 = Release|x86
	EndGlobalSection
	GlobalSection(ProjectConfigurationPlatforms) = postSolution
		{CB047895-F4D2-426A-AF3F-95AE78237D94}.Debug|Any CPU.ActiveCfg = Debug|Any CPU
		{CB047895-F4D2-426A-AF3F-95AE78237D94}.Debug|Any CPU.Build.0 = Debug|Any CPU
		{CB047895-F4D2-426A-AF3F-95AE78237D94}.Debug|x64.ActiveCfg = Debug|Any CPU
		{CB047895-F4D2-426A-AF3F-95AE78237D94}.Debug|x64.Build.0 = Debug|Any CPU
		{CB047895-F4D2-426A-AF3F-95AE78237D94}.Debug|x86.ActiveCfg = Debug|Any CPU
		{CB047895-F4D2-426A-AF3F-95AE78237D94}.Debug|x86.Build.0 = Debug|Any CPU
		{CB047895-F4D2-426A-AF3F-95AE78237D94}.Release|Any CPU.ActiveCfg = Release|Any CPU
		{CB047895-F4D2-426A-AF3F-95AE78237D94}.Release|Any CPU.Build.0 = Release|Any CPU
		{CB047895-F4D2-426A-AF3F-95AE78237D94}.Release|x64.ActiveCfg = Release|Any CPU
		{CB047895-F4D2-426A-AF3F-95AE78237D94}.Release|x64.Build.0 = Release|Any CPU
		{CB047895-F4D2-426A-AF3F-95AE78237D94}.Release|x86.ActiveCfg = Release|Any CPU
		{CB047895-F4D2-426A-AF3F-95AE78237D94}.Release|x86.Build.0 = Release|Any CPU
		{35EDB51F-1D98-4202-AC2F-E3EF5C73C353}.Debug|Any CPU.ActiveCfg = Debug|Any CPU
		{35EDB51F-1D98-4202-AC2F-E3EF5C73C353}.Debug|Any CPU.Build.0 = Debug|Any CPU
		{35EDB51F-1D98-4202-AC2F-E3EF5C73C353}.Debug|x64.ActiveCfg = Debug|Any CPU
		{35EDB51F-1D98-4202-AC2F-E3EF5C73C353}.Debug|x64.Build.0 = Debug|Any CPU
		{35EDB51F-1D98-4202-AC2F-E3EF5C73C353}.Debug|x86.ActiveCfg = Debug|Any CPU
		{35EDB51F-1D98-4202-AC2F-E3EF5C73C353}.Debug|x86.Build.0 = Debug|Any CPU
		{35EDB51F-1D98-4202-AC2F-E3EF5C73C353}.Release|Any CPU.ActiveCfg = Release|Any CPU
		{35EDB51F-1D98-4202-AC2F-E3EF5C73C353}.Release|Any CPU.Build.0 = Release|Any CPU
		{35EDB51F-1D98-4202-AC2F-E3EF5C73C353}.Release|x64.ActiveCfg = Release|Any CPU
		{35EDB51F-1D98-4202-AC2F-E3EF5C73C353}.Release|x64.Build.0 = Release|Any CPU
		{35EDB51F-1D98-4202-AC2F-E3EF5C73C353}.Release|x86.ActiveCfg = Release|Any CPU
		{35EDB51F-1D98-4202-AC2F-E3EF5C73C353}.Release|x86.Build.0 = Release|Any CPU
		{71E12FC8-60BA-40CD-A88C-E5C2BE02B506}.Debug|Any CPU.ActiveCfg = Debug|Any CPU
		{71E12FC8-60BA-40CD-A88C-E5C2BE02B506}.Debug|Any CPU.Build.0 = Debug|Any CPU
		{71E12FC8-60BA-40CD-A88C-E5C2BE02B506}.Debug|x64.ActiveCfg = Debug|Any CPU
		{71E12FC8-60BA-40CD-A88C-E5C2BE02B506}.Debug|x64.Build.0 = Debug|Any CPU
		{71E12FC8-60BA-40CD-A88C-E5C2BE02B506}.Debug|x86.ActiveCfg = Debug|Any CPU
		{71E12FC8-60BA-40CD-A88C-E5C2BE02B506}.Debug|x86.Build.0 = Debug|Any CPU
		{71E12FC8-60BA-40CD-A88C-E5C2BE02B506}.Release|Any CPU.ActiveCfg = Release|Any CPU
		{71E12FC8-60BA-40CD-A88C-E5C2BE02B506}.Release|Any CPU.Build.0 = Release|Any CPU
		{71E12FC8-60BA-40CD-A88C-E5C2BE02B506}.Release|x64.ActiveCfg = Release|Any CPU
		{71E12FC8-60BA-40CD-A88C-E5C2BE02B506}.Release|x64.Build.0 = Release|Any CPU
		{71E12FC8-60BA-40CD-A88C-E5C2BE02B506}.Release|x86.ActiveCfg = Release|Any CPU
		{71E12FC8-60BA-40CD-A88C-E5C2BE02B506}.Release|x86.Build.0 = Release|Any CPU
		{52AA376E-F914-47C3-98EE-102791846855}.Debug|Any CPU.ActiveCfg = Debug|Any CPU
		{52AA376E-F914-47C3-98EE-102791846855}.Debug|Any CPU.Build.0 = Debug|Any CPU
		{52AA376E-F914-47C3-98EE-102791846855}.Debug|x64.ActiveCfg = Debug|Any CPU
		{52AA376E-F914-47C3-98EE-102791846855}.Debug|x64.Build.0 = Debug|Any CPU
		{52AA376E-F914-47C3-98EE-102791846855}.Debug|x86.ActiveCfg = Debug|Any CPU
		{52AA376E-F914-47C3-98EE-102791846855}.Debug|x86.Build.0 = Debug|Any CPU
		{52AA376E-F914-47C3-98EE-102791846855}.Release|Any CPU.ActiveCfg = Release|Any CPU
		{52AA376E-F914-47C3-98EE-102791846855}.Release|Any CPU.Build.0 = Release|Any CPU
		{52AA376E-F914-47C3-98EE-102791846855}.Release|x64.ActiveCfg = Release|Any CPU
		{52AA376E-F914-47C3-98EE-102791846855}.Release|x64.Build.0 = Release|Any CPU
		{52AA376E-F914-47C3-98EE-102791846855}.Release|x86.ActiveCfg = Release|Any CPU
		{52AA376E-F914-47C3-98EE-102791846855}.Release|x86.Build.0 = Release|Any CPU
		{A3DF2849-50B0-42D9-8552-19CC58B8D76B}.Debug|Any CPU.ActiveCfg = Debug|Any CPU
		{A3DF2849-50B0-42D9-8552-19CC58B8D76B}.Debug|Any CPU.Build.0 = Debug|Any CPU
		{A3DF2849-50B0-42D9-8552-19CC58B8D76B}.Debug|x64.ActiveCfg = Debug|Any CPU
		{A3DF2849-50B0-42D9-8552-19CC58B8D76B}.Debug|x64.Build.0 = Debug|Any CPU
		{A3DF2849-50B0-42D9-8552-19CC58B8D76B}.Debug|x86.ActiveCfg = Debug|Any CPU
		{A3DF2849-50B0-42D9-8552-19CC58B8D76B}.Debug|x86.Build.0 = Debug|Any CPU
		{A3DF2849-50B0-42D9-8552-19CC58B8D76B}.Release|Any CPU.ActiveCfg = Release|Any CPU
		{A3DF2849-50B0-42D9-8552-19CC58B8D76B}.Release|Any CPU.Build.0 = Release|Any CPU
		{A3DF2849-50B0-42D9-8552-19CC58B8D76B}.Release|x64.ActiveCfg = Release|Any CPU
		{A3DF2849-50B0-42D9-8552-19CC58B8D76B}.Release|x64.Build.0 = Release|Any CPU
		{A3DF2849-50B0-42D9-8552-19CC58B8D76B}.Release|x86.ActiveCfg = Release|Any CPU
		{A3DF2849-50B0-42D9-8552-19CC58B8D76B}.Release|x86.Build.0 = Release|Any CPU
		{8FBC6AC5-DA8F-467A-86D2-F15C27ED2E70}.Debug|Any CPU.ActiveCfg = Debug|Any CPU
		{8FBC6AC5-DA8F-467A-86D2-F15C27ED2E70}.Debug|Any CPU.Build.0 = Debug|Any CPU
		{8FBC6AC5-DA8F-467A-86D2-F15C27ED2E70}.Debug|x64.ActiveCfg = Debug|Any CPU
		{8FBC6AC5-DA8F-467A-86D2-F15C27ED2E70}.Debug|x64.Build.0 = Debug|Any CPU
		{8FBC6AC5-DA8F-467A-86D2-F15C27ED2E70}.Debug|x86.ActiveCfg = Debug|Any CPU
		{8FBC6AC5-DA8F-467A-86D2-F15C27ED2E70}.Debug|x86.Build.0 = Debug|Any CPU
		{8FBC6AC5-DA8F-467A-86D2-F15C27ED2E70}.Release|Any CPU.ActiveCfg = Release|Any CPU
		{8FBC6AC5-DA8F-467A-86D2-F15C27ED2E70}.Release|Any CPU.Build.0 = Release|Any CPU
		{8FBC6AC5-DA8F-467A-86D2-F15C27ED2E70}.Release|x64.ActiveCfg = Release|Any CPU
		{8FBC6AC5-DA8F-467A-86D2-F15C27ED2E70}.Release|x64.Build.0 = Release|Any CPU
		{8FBC6AC5-DA8F-467A-86D2-F15C27ED2E70}.Release|x86.ActiveCfg = Release|Any CPU
		{8FBC6AC5-DA8F-467A-86D2-F15C27ED2E70}.Release|x86.Build.0 = Release|Any CPU
		{BAEDA9A8-E2A6-4EEA-87E1-3E63D18FC5E2}.Debug|Any CPU.ActiveCfg = Debug|Any CPU
		{BAEDA9A8-E2A6-4EEA-87E1-3E63D18FC5E2}.Debug|Any CPU.Build.0 = Debug|Any CPU
		{BAEDA9A8-E2A6-4EEA-87E1-3E63D18FC5E2}.Debug|x64.ActiveCfg = Debug|Any CPU
		{BAEDA9A8-E2A6-4EEA-87E1-3E63D18FC5E2}.Debug|x64.Build.0 = Debug|Any CPU
		{BAEDA9A8-E2A6-4EEA-87E1-3E63D18FC5E2}.Debug|x86.ActiveCfg = Debug|Any CPU
		{BAEDA9A8-E2A6-4EEA-87E1-3E63D18FC5E2}.Debug|x86.Build.0 = Debug|Any CPU
		{BAEDA9A8-E2A6-4EEA-87E1-3E63D18FC5E2}.Release|Any CPU.ActiveCfg = Release|Any CPU
		{BAEDA9A8-E2A6-4EEA-87E1-3E63D18FC5E2}.Release|Any CPU.Build.0 = Release|Any CPU
		{BAEDA9A8-E2A6-4EEA-87E1-3E63D18FC5E2}.Release|x64.ActiveCfg = Release|Any CPU
		{BAEDA9A8-E2A6-4EEA-87E1-3E63D18FC5E2}.Release|x64.Build.0 = Release|Any CPU
		{BAEDA9A8-E2A6-4EEA-87E1-3E63D18FC5E2}.Release|x86.ActiveCfg = Release|Any CPU
		{BAEDA9A8-E2A6-4EEA-87E1-3E63D18FC5E2}.Release|x86.Build.0 = Release|Any CPU
	EndGlobalSection
	GlobalSection(SolutionProperties) = preSolution
		HideSolutionNode = FALSE
	EndGlobalSection
	GlobalSection(NestedProjects) = preSolution
		{CB047895-F4D2-426A-AF3F-95AE78237D94} = {953BEEE9-E657-4E0D-A987-3543ECC32CD3}
		{35EDB51F-1D98-4202-AC2F-E3EF5C73C353} = {953BEEE9-E657-4E0D-A987-3543ECC32CD3}
		{71E12FC8-60BA-40CD-A88C-E5C2BE02B506} = {E3660B5D-6CBE-4BF4-8C64-6AB44F2E2FD5}
		{52AA376E-F914-47C3-98EE-102791846855} = {E3660B5D-6CBE-4BF4-8C64-6AB44F2E2FD5}
		{A3DF2849-50B0-42D9-8552-19CC58B8D76B} = {E3660B5D-6CBE-4BF4-8C64-6AB44F2E2FD5}
		{8FBC6AC5-DA8F-467A-86D2-F15C27ED2E70} = {953BEEE9-E657-4E0D-A987-3543ECC32CD3}
		{BAEDA9A8-E2A6-4EEA-87E1-3E63D18FC5E2} = {953BEEE9-E657-4E0D-A987-3543ECC32CD3}
	EndGlobalSection
	GlobalSection(ExtensibilityGlobals) = postSolution
		SolutionGuid = {725F303B-3EF8-4AA2-904D-D352DD14B6FB}
	EndGlobalSection
EndGlobal
